// !$*UTF8*$!
{
	archiveVersion = 1;
	classes = {
	};
	objectVersion = 50;
	objects = {

/* Begin PBXBuildFile section */
		5C69DDDD2B372EC900E8C235 /* StorageManager.swift in Sources */ = {isa = PBXBuildFile; fileRef = 5C69DDDC2B372EC900E8C235 /* StorageManager.swift */; };
		5C69DDDF2B372F2400E8C235 /* Logger+.swift in Sources */ = {isa = PBXBuildFile; fileRef = 5C69DDDE2B372F2400E8C235 /* Logger+.swift */; };
		5C69DDE12B3745B800E8C235 /* DeviceView.swift in Sources */ = {isa = PBXBuildFile; fileRef = 5C69DDE02B3745B800E8C235 /* DeviceView.swift */; };
		5CD6FBE92B3C314A009DE26B /* HoverableButton.swift in Sources */ = {isa = PBXBuildFile; fileRef = 5CD6FBE82B3C314A009DE26B /* HoverableButton.swift */; };
		81412F422874A6C4009E21EF /* PreferencePanesSupport.framework in Frameworks */ = {isa = PBXBuildFile; fileRef = 81412F412874A6C4009E21EF /* PreferencePanesSupport.framework */; };
		81412F432874A6C4009E21EF /* PreferencePanesSupport.framework in Embed Frameworks */ = {isa = PBXBuildFile; fileRef = 81412F412874A6C4009E21EF /* PreferencePanesSupport.framework */; settings = {ATTRIBUTES = (CodeSignOnCopy, RemoveHeadersOnCopy, ); }; };
		8152DAB525C861FA00F690AB /* AppDelegate.swift in Sources */ = {isa = PBXBuildFile; fileRef = 8152DAB425C861FA00F690AB /* AppDelegate.swift */; };
		8152DAB725C861FA00F690AB /* ContentView.swift in Sources */ = {isa = PBXBuildFile; fileRef = 8152DAB625C861FA00F690AB /* ContentView.swift */; };
		8152DABC25C861FB00F690AB /* Assets.xcassets in Resources */ = {isa = PBXBuildFile; fileRef = 8152DABB25C861FB00F690AB /* Assets.xcassets */; };
		8152DAF525C863C600F690AB /* ContentViewModel.swift in Sources */ = {isa = PBXBuildFile; fileRef = 8152DAF425C863C600F690AB /* ContentViewModel.swift */; };
		815556F02872E5B300F9C570 /* Device.swift in Sources */ = {isa = PBXBuildFile; fileRef = 815556EF2872E5B300F9C570 /* Device.swift */; };
		8155C7AA27E48A06009B7C90 /* main.swift in Sources */ = {isa = PBXBuildFile; fileRef = 8155C7A927E48A06009B7C90 /* main.swift */; };
		C49F054D28180E170075B0AA /* USBService.swift in Sources */ = {isa = PBXBuildFile; fileRef = C49F054C28180E170075B0AA /* USBService.swift */; };
		C49F054F28181D030075B0AA /* IOHIDDevice+.swift in Sources */ = {isa = PBXBuildFile; fileRef = C49F054E28181D030075B0AA /* IOHIDDevice+.swift */; };
/* End PBXBuildFile section */

/* Begin PBXCopyFilesBuildPhase section */
		81412F442874A6C4009E21EF /* Embed Frameworks */ = {
			isa = PBXCopyFilesBuildPhase;
			buildActionMask = 2147483647;
			dstPath = "";
			dstSubfolderSpec = 10;
			files = (
				81412F432874A6C4009E21EF /* PreferencePanesSupport.framework in Embed Frameworks */,
			);
			name = "Embed Frameworks";
			runOnlyForDeploymentPostprocessing = 0;
		};
/* End PBXCopyFilesBuildPhase section */

/* Begin PBXFileReference section */
		5C69DDDC2B372EC900E8C235 /* StorageManager.swift */ = {isa = PBXFileReference; lastKnownFileType = sourcecode.swift; path = StorageManager.swift; sourceTree = "<group>"; };
		5C69DDDE2B372F2400E8C235 /* Logger+.swift */ = {isa = PBXFileReference; lastKnownFileType = sourcecode.swift; path = "Logger+.swift"; sourceTree = "<group>"; };
		5C69DDE02B3745B800E8C235 /* DeviceView.swift */ = {isa = PBXFileReference; lastKnownFileType = sourcecode.swift; path = DeviceView.swift; sourceTree = "<group>"; };
		5CD6FBE82B3C314A009DE26B /* HoverableButton.swift */ = {isa = PBXFileReference; lastKnownFileType = sourcecode.swift; path = HoverableButton.swift; sourceTree = "<group>"; };
		81412F3D2874A4FE009E21EF /* PreferencePanes.framework */ = {isa = PBXFileReference; lastKnownFileType = wrapper.framework; name = PreferencePanes.framework; path = System/Library/Frameworks/PreferencePanes.framework; sourceTree = SDKROOT; };
		81412F412874A6C4009E21EF /* PreferencePanesSupport.framework */ = {isa = PBXFileReference; lastKnownFileType = wrapper.framework; name = PreferencePanesSupport.framework; path = ../../../../../System/Library/PrivateFrameworks/PreferencePanesSupport.framework; sourceTree = "<group>"; };
		8152DAB125C861FA00F690AB /* Scrolln.app */ = {isa = PBXFileReference; explicitFileType = wrapper.application; includeInIndex = 0; path = Scrolln.app; sourceTree = BUILT_PRODUCTS_DIR; };
		8152DAB425C861FA00F690AB /* AppDelegate.swift */ = {isa = PBXFileReference; lastKnownFileType = sourcecode.swift; path = AppDelegate.swift; sourceTree = "<group>"; };
		8152DAB625C861FA00F690AB /* ContentView.swift */ = {isa = PBXFileReference; lastKnownFileType = sourcecode.swift; path = ContentView.swift; sourceTree = "<group>"; };
		8152DABB25C861FB00F690AB /* Assets.xcassets */ = {isa = PBXFileReference; lastKnownFileType = folder.assetcatalog; path = Assets.xcassets; sourceTree = "<group>"; };
		8152DAC325C861FB00F690AB /* Info.plist */ = {isa = PBXFileReference; lastKnownFileType = text.plist.xml; path = Info.plist; sourceTree = "<group>"; };
		8152DAC425C861FB00F690AB /* Scrolln.entitlements */ = {isa = PBXFileReference; lastKnownFileType = text.plist.entitlements; path = Scrolln.entitlements; sourceTree = "<group>"; };
		8152DAF425C863C600F690AB /* ContentViewModel.swift */ = {isa = PBXFileReference; lastKnownFileType = sourcecode.swift; path = ContentViewModel.swift; sourceTree = "<group>"; };
		815556EF2872E5B300F9C570 /* Device.swift */ = {isa = PBXFileReference; lastKnownFileType = sourcecode.swift; path = Device.swift; sourceTree = "<group>"; };
		8155C7A927E48A06009B7C90 /* main.swift */ = {isa = PBXFileReference; lastKnownFileType = sourcecode.swift; path = main.swift; sourceTree = "<group>"; };
		8155C7AD27E4AC5C009B7C90 /* Scrolln-Bridging-Header.h */ = {isa = PBXFileReference; lastKnownFileType = sourcecode.c.h; path = "Scrolln-Bridging-Header.h"; sourceTree = "<group>"; };
		8155C7B127E4B46B009B7C90 /* PreferencePanesSupport.framework */ = {isa = PBXFileReference; lastKnownFileType = wrapper.framework; name = PreferencePanesSupport.framework; path = ../../../../System/Library/PrivateFrameworks/PreferencePanesSupport.framework; sourceTree = "<group>"; };
		C49F054C28180E170075B0AA /* USBService.swift */ = {isa = PBXFileReference; lastKnownFileType = sourcecode.swift; path = USBService.swift; sourceTree = "<group>"; };
		C49F054E28181D030075B0AA /* IOHIDDevice+.swift */ = {isa = PBXFileReference; lastKnownFileType = sourcecode.swift; path = "IOHIDDevice+.swift"; sourceTree = "<group>"; };
/* End PBXFileReference section */

/* Begin PBXFrameworksBuildPhase section */
		8152DAAE25C861FA00F690AB /* Frameworks */ = {
			isa = PBXFrameworksBuildPhase;
			buildActionMask = 2147483647;
			files = (
				81412F422874A6C4009E21EF /* PreferencePanesSupport.framework in Frameworks */,
			);
			runOnlyForDeploymentPostprocessing = 0;
		};
/* End PBXFrameworksBuildPhase section */

/* Begin PBXGroup section */
		5CBEF4582B378F990091D4DA /* USB */ = {
			isa = PBXGroup;
			children = (
				C49F054C28180E170075B0AA /* USBService.swift */,
			);
			path = USB;
			sourceTree = "<group>";
		};
		5CBEF4592B378FA80091D4DA /* Models */ = {
			isa = PBXGroup;
			children = (
				815556EF2872E5B300F9C570 /* Device.swift */,
			);
			path = Models;
			sourceTree = "<group>";
		};
		5CBEF45A2B378FB90091D4DA /* Storage */ = {
			isa = PBXGroup;
			children = (
				5C69DDDC2B372EC900E8C235 /* StorageManager.swift */,
			);
			path = Storage;
			sourceTree = "<group>";
		};
		5CBEF45B2B378FCA0091D4DA /* Components */ = {
			isa = PBXGroup;
			children = (
				5C69DDE02B3745B800E8C235 /* DeviceView.swift */,
				5CD6FBE82B3C314A009DE26B /* HoverableButton.swift */,
			);
			path = Components;
			sourceTree = "<group>";
		};
		5CBEF45C2B378FD70091D4DA /* Views */ = {
			isa = PBXGroup;
			children = (
				8152DAB625C861FA00F690AB /* ContentView.swift */,
				8152DAF425C863C600F690AB /* ContentViewModel.swift */,
			);
			path = Views;
			sourceTree = "<group>";
		};
		8152DAA825C861FA00F690AB = {
			isa = PBXGroup;
			children = (
				8152DAB325C861FA00F690AB /* Scrolln */,
				8152DAB225C861FA00F690AB /* Products */,
				81F9BE8527E480ED00E7B2FA /* Frameworks */,
			);
			sourceTree = "<group>";
		};
		8152DAB225C861FA00F690AB /* Products */ = {
			isa = PBXGroup;
			children = (
				8152DAB125C861FA00F690AB /* Scrolln.app */,
			);
			name = Products;
			sourceTree = "<group>";
		};
		8152DAB325C861FA00F690AB /* Scrolln */ = {
			isa = PBXGroup;
			children = (
				5CBEF45C2B378FD70091D4DA /* Views */,
				5CBEF45B2B378FCA0091D4DA /* Components */,
				5CBEF45A2B378FB90091D4DA /* Storage */,
				5CBEF4592B378FA80091D4DA /* Models */,
				5CBEF4582B378F990091D4DA /* USB */,
				8152DAE925C862C800F690AB /* Extensions */,
				8152DAB425C861FA00F690AB /* AppDelegate.swift */,
				8155C7A927E48A06009B7C90 /* main.swift */,
				8152DABB25C861FB00F690AB /* Assets.xcassets */,
				8152DAC325C861FB00F690AB /* Info.plist */,
				8152DAC425C861FB00F690AB /* Scrolln.entitlements */,
				8155C7AD27E4AC5C009B7C90 /* Scrolln-Bridging-Header.h */,
			);
			path = Scrolln;
			sourceTree = "<group>";
		};
		8152DAE925C862C800F690AB /* Extensions */ = {
			isa = PBXGroup;
			children = (
				C49F054E28181D030075B0AA /* IOHIDDevice+.swift */,
				5C69DDDE2B372F2400E8C235 /* Logger+.swift */,
			);
			path = Extensions;
			sourceTree = "<group>";
		};
		81F9BE8527E480ED00E7B2FA /* Frameworks */ = {
			isa = PBXGroup;
			children = (
				81412F412874A6C4009E21EF /* PreferencePanesSupport.framework */,
				81412F3D2874A4FE009E21EF /* PreferencePanes.framework */,
				8155C7B127E4B46B009B7C90 /* PreferencePanesSupport.framework */,
			);
			name = Frameworks;
			sourceTree = "<group>";
		};
/* End PBXGroup section */

/* Begin PBXNativeTarget section */
		8152DAB025C861FA00F690AB /* Scrolln */ = {
			isa = PBXNativeTarget;
			buildConfigurationList = 8152DADD25C861FB00F690AB /* Build configuration list for PBXNativeTarget "Scrolln" */;
			buildPhases = (
				8152DAAD25C861FA00F690AB /* Sources */,
				8152DAAE25C861FA00F690AB /* Frameworks */,
				8152DAAF25C861FA00F690AB /* Resources */,
				81412F442874A6C4009E21EF /* Embed Frameworks */,
			);
			buildRules = (
			);
			dependencies = (
			);
			name = Scrolln;
			productName = Scrolly;
			productReference = 8152DAB125C861FA00F690AB /* Scrolln.app */;
			productType = "com.apple.product-type.application";
		};
/* End PBXNativeTarget section */

/* Begin PBXProject section */
		8152DAA925C861FA00F690AB /* Project object */ = {
			isa = PBXProject;
			attributes = {
				LastSwiftUpdateCheck = 1240;
				LastUpgradeCheck = 1240;
				TargetAttributes = {
					8152DAB025C861FA00F690AB = {
						CreatedOnToolsVersion = 12.4;
					};
				};
			};
			buildConfigurationList = 8152DAAC25C861FA00F690AB /* Build configuration list for PBXProject "Scrolln" */;
			compatibilityVersion = "Xcode 9.3";
			developmentRegion = en;
			hasScannedForEncodings = 0;
			knownRegions = (
				en,
				Base,
			);
			mainGroup = 8152DAA825C861FA00F690AB;
			productRefGroup = 8152DAB225C861FA00F690AB /* Products */;
			projectDirPath = "";
			projectRoot = "";
			targets = (
				8152DAB025C861FA00F690AB /* Scrolln */,
			);
		};
/* End PBXProject section */

/* Begin PBXResourcesBuildPhase section */
		8152DAAF25C861FA00F690AB /* Resources */ = {
			isa = PBXResourcesBuildPhase;
			buildActionMask = 2147483647;
			files = (
				8152DABC25C861FB00F690AB /* Assets.xcassets in Resources */,
			);
			runOnlyForDeploymentPostprocessing = 0;
		};
/* End PBXResourcesBuildPhase section */

/* Begin PBXSourcesBuildPhase section */
		8152DAAD25C861FA00F690AB /* Sources */ = {
			isa = PBXSourcesBuildPhase;
			buildActionMask = 2147483647;
			files = (
				5C69DDDF2B372F2400E8C235 /* Logger+.swift in Sources */,
				8155C7AA27E48A06009B7C90 /* main.swift in Sources */,
				5C69DDE12B3745B800E8C235 /* DeviceView.swift in Sources */,
				5CD6FBE92B3C314A009DE26B /* HoverableButton.swift in Sources */,
				8152DAB525C861FA00F690AB /* AppDelegate.swift in Sources */,
				815556F02872E5B300F9C570 /* Device.swift in Sources */,
				8152DAF525C863C600F690AB /* ContentViewModel.swift in Sources */,
				8152DAB725C861FA00F690AB /* ContentView.swift in Sources */,
				C49F054D28180E170075B0AA /* USBService.swift in Sources */,
				C49F054F28181D030075B0AA /* IOHIDDevice+.swift in Sources */,
				5C69DDDD2B372EC900E8C235 /* StorageManager.swift in Sources */,
			);
			runOnlyForDeploymentPostprocessing = 0;
		};
/* End PBXSourcesBuildPhase section */

/* Begin XCBuildConfiguration section */
		8152DADB25C861FB00F690AB /* Debug */ = {
			isa = XCBuildConfiguration;
			buildSettings = {
				ALWAYS_EMBED_SWIFT_STANDARD_LIBRARIES = NO;
				ALWAYS_SEARCH_USER_PATHS = NO;
				CLANG_ANALYZER_NONNULL = YES;
				CLANG_ANALYZER_NUMBER_OBJECT_CONVERSION = YES_AGGRESSIVE;
				CLANG_CXX_LANGUAGE_STANDARD = "gnu++14";
				CLANG_CXX_LIBRARY = "libc++";
				CLANG_ENABLE_MODULES = YES;
				CLANG_ENABLE_OBJC_ARC = YES;
				CLANG_ENABLE_OBJC_WEAK = YES;
				CLANG_WARN_BLOCK_CAPTURE_AUTORELEASING = YES;
				CLANG_WARN_BOOL_CONVERSION = YES;
				CLANG_WARN_COMMA = YES;
				CLANG_WARN_CONSTANT_CONVERSION = YES;
				CLANG_WARN_DEPRECATED_OBJC_IMPLEMENTATIONS = YES;
				CLANG_WARN_DIRECT_OBJC_ISA_USAGE = YES_ERROR;
				CLANG_WARN_DOCUMENTATION_COMMENTS = YES;
				CLANG_WARN_EMPTY_BODY = YES;
				CLANG_WARN_ENUM_CONVERSION = YES;
				CLANG_WARN_INFINITE_RECURSION = YES;
				CLANG_WARN_INT_CONVERSION = YES;
				CLANG_WARN_NON_LITERAL_NULL_CONVERSION = YES;
				CLANG_WARN_OBJC_IMPLICIT_RETAIN_SELF = YES;
				CLANG_WARN_OBJC_LITERAL_CONVERSION = YES;
				CLANG_WARN_OBJC_ROOT_CLASS = YES_ERROR;
				CLANG_WARN_QUOTED_INCLUDE_IN_FRAMEWORK_HEADER = YES;
				CLANG_WARN_RANGE_LOOP_ANALYSIS = YES;
				CLANG_WARN_STRICT_PROTOTYPES = YES;
				CLANG_WARN_SUSPICIOUS_MOVE = YES;
				CLANG_WARN_UNGUARDED_AVAILABILITY = YES_AGGRESSIVE;
				CLANG_WARN_UNREACHABLE_CODE = YES;
				CLANG_WARN__DUPLICATE_METHOD_MATCH = YES;
				COPY_PHASE_STRIP = NO;
				DEBUG_INFORMATION_FORMAT = dwarf;
				ENABLE_STRICT_OBJC_MSGSEND = YES;
				ENABLE_TESTABILITY = YES;
				GCC_C_LANGUAGE_STANDARD = gnu11;
				GCC_DYNAMIC_NO_PIC = NO;
				GCC_NO_COMMON_BLOCKS = YES;
				GCC_OPTIMIZATION_LEVEL = 0;
				GCC_PREPROCESSOR_DEFINITIONS = (
					"DEBUG=1",
					"$(inherited)",
				);
				GCC_WARN_64_TO_32_BIT_CONVERSION = YES;
				GCC_WARN_ABOUT_RETURN_TYPE = YES_ERROR;
				GCC_WARN_UNDECLARED_SELECTOR = YES;
				GCC_WARN_UNINITIALIZED_AUTOS = YES_AGGRESSIVE;
				GCC_WARN_UNUSED_FUNCTION = YES;
				GCC_WARN_UNUSED_VARIABLE = YES;
				MACOSX_DEPLOYMENT_TARGET = 11.1;
				MTL_ENABLE_DEBUG_INFO = INCLUDE_SOURCE;
				MTL_FAST_MATH = YES;
				ONLY_ACTIVE_ARCH = YES;
				SDKROOT = macosx;
				SWIFT_ACTIVE_COMPILATION_CONDITIONS = DEBUG;
				SWIFT_OPTIMIZATION_LEVEL = "-Onone";
			};
			name = Debug;
		};
		8152DADC25C861FB00F690AB /* Release */ = {
			isa = XCBuildConfiguration;
			buildSettings = {
				ALWAYS_EMBED_SWIFT_STANDARD_LIBRARIES = NO;
				ALWAYS_SEARCH_USER_PATHS = NO;
				CLANG_ANALYZER_NONNULL = YES;
				CLANG_ANALYZER_NUMBER_OBJECT_CONVERSION = YES_AGGRESSIVE;
				CLANG_CXX_LANGUAGE_STANDARD = "gnu++14";
				CLANG_CXX_LIBRARY = "libc++";
				CLANG_ENABLE_MODULES = YES;
				CLANG_ENABLE_OBJC_ARC = YES;
				CLANG_ENABLE_OBJC_WEAK = YES;
				CLANG_WARN_BLOCK_CAPTURE_AUTORELEASING = YES;
				CLANG_WARN_BOOL_CONVERSION = YES;
				CLANG_WARN_COMMA = YES;
				CLANG_WARN_CONSTANT_CONVERSION = YES;
				CLANG_WARN_DEPRECATED_OBJC_IMPLEMENTATIONS = YES;
				CLANG_WARN_DIRECT_OBJC_ISA_USAGE = YES_ERROR;
				CLANG_WARN_DOCUMENTATION_COMMENTS = YES;
				CLANG_WARN_EMPTY_BODY = YES;
				CLANG_WARN_ENUM_CONVERSION = YES;
				CLANG_WARN_INFINITE_RECURSION = YES;
				CLANG_WARN_INT_CONVERSION = YES;
				CLANG_WARN_NON_LITERAL_NULL_CONVERSION = YES;
				CLANG_WARN_OBJC_IMPLICIT_RETAIN_SELF = YES;
				CLANG_WARN_OBJC_LITERAL_CONVERSION = YES;
				CLANG_WARN_OBJC_ROOT_CLASS = YES_ERROR;
				CLANG_WARN_QUOTED_INCLUDE_IN_FRAMEWORK_HEADER = YES;
				CLANG_WARN_RANGE_LOOP_ANALYSIS = YES;
				CLANG_WARN_STRICT_PROTOTYPES = YES;
				CLANG_WARN_SUSPICIOUS_MOVE = YES;
				CLANG_WARN_UNGUARDED_AVAILABILITY = YES_AGGRESSIVE;
				CLANG_WARN_UNREACHABLE_CODE = YES;
				CLANG_WARN__DUPLICATE_METHOD_MATCH = YES;
				COPY_PHASE_STRIP = NO;
				DEBUG_INFORMATION_FORMAT = "dwarf-with-dsym";
				ENABLE_NS_ASSERTIONS = NO;
				ENABLE_STRICT_OBJC_MSGSEND = YES;
				GCC_C_LANGUAGE_STANDARD = gnu11;
				GCC_NO_COMMON_BLOCKS = YES;
				GCC_WARN_64_TO_32_BIT_CONVERSION = YES;
				GCC_WARN_ABOUT_RETURN_TYPE = YES_ERROR;
				GCC_WARN_UNDECLARED_SELECTOR = YES;
				GCC_WARN_UNINITIALIZED_AUTOS = YES_AGGRESSIVE;
				GCC_WARN_UNUSED_FUNCTION = YES;
				GCC_WARN_UNUSED_VARIABLE = YES;
				MACOSX_DEPLOYMENT_TARGET = 11.1;
				MTL_ENABLE_DEBUG_INFO = NO;
				MTL_FAST_MATH = YES;
				SDKROOT = macosx;
				SWIFT_COMPILATION_MODE = wholemodule;
				SWIFT_OPTIMIZATION_LEVEL = "-O";
			};
			name = Release;
		};
		8152DADE25C861FB00F690AB /* Debug */ = {
			isa = XCBuildConfiguration;
			buildSettings = {
				ASSETCATALOG_COMPILER_APPICON_NAME = AppIcon;
				ASSETCATALOG_COMPILER_GLOBAL_ACCENT_COLOR_NAME = AccentColor;
				CODE_SIGN_ENTITLEMENTS = Scrolln/Scrolln.entitlements;
				CODE_SIGN_IDENTITY = "Apple Development";
				"CODE_SIGN_IDENTITY[sdk=macosx*]" = "Apple Development";
				CODE_SIGN_STYLE = Automatic;
				COMBINE_HIDPI_IMAGES = YES;
				DEVELOPMENT_ASSET_PATHS = "";
				DEVELOPMENT_TEAM = 27QQ4H5V76;
				ENABLE_HARDENED_RUNTIME = YES;
				ENABLE_PREVIEWS = YES;
				INFOPLIST_FILE = Scrolln/Info.plist;
				INFOPLIST_KEY_NSPrincipalClass = NSApplication;
				LD_RUNPATH_SEARCH_PATHS = (
					"$(inherited)",
					"@executable_path/../Frameworks",
				);
				MACOSX_DEPLOYMENT_TARGET = 14.0;
				MARKETING_VERSION = 1.0.0;
				OTHER_LDFLAGS = "";
				PRODUCT_BUNDLE_IDENTIFIER = io.lucaa.Scrolln;
				PRODUCT_NAME = "$(TARGET_NAME)";
				PROVISIONING_PROFILE_SPECIFIER = "";
				SWIFT_OBJC_BRIDGING_HEADER = "Scrolln/Scrolln-Bridging-Header.h";
				SWIFT_VERSION = 5.0;
				SYSTEM_FRAMEWORK_SEARCH_PATHS = (
					"$(inherited)",
					"$(SYSTEM_LIBRARY_DIR)/PrivateFrameworks",
				);
			};
			name = Debug;
		};
		8152DADF25C861FB00F690AB /* Release */ = {
			isa = XCBuildConfiguration;
			buildSettings = {
				ASSETCATALOG_COMPILER_APPICON_NAME = AppIcon;
				ASSETCATALOG_COMPILER_GLOBAL_ACCENT_COLOR_NAME = AccentColor;
				CODE_SIGN_ENTITLEMENTS = Scrolln/Scrolln.entitlements;
				CODE_SIGN_IDENTITY = "Apple Development";
				"CODE_SIGN_IDENTITY[sdk=macosx*]" = "Apple Development";
				CODE_SIGN_STYLE = Automatic;
				COMBINE_HIDPI_IMAGES = YES;
				DEVELOPMENT_ASSET_PATHS = "";
				DEVELOPMENT_TEAM = 27QQ4H5V76;
				ENABLE_HARDENED_RUNTIME = YES;
				ENABLE_PREVIEWS = YES;
				INFOPLIST_FILE = Scrolln/Info.plist;
				INFOPLIST_KEY_NSPrincipalClass = NSApplication;
				LD_RUNPATH_SEARCH_PATHS = (
					"$(inherited)",
					"@executable_path/../Frameworks",
				);
				MACOSX_DEPLOYMENT_TARGET = 14.0;
				MARKETING_VERSION = 1.0.0;
				OTHER_LDFLAGS = "";
				PRODUCT_BUNDLE_IDENTIFIER = io.lucaa.Scrolln;
				PRODUCT_NAME = "$(TARGET_NAME)";
				PROVISIONING_PROFILE_SPECIFIER = "";
				SWIFT_OBJC_BRIDGING_HEADER = "Scrolln/Scrolln-Bridging-Header.h";
				SWIFT_VERSION = 5.0;
				SYSTEM_FRAMEWORK_SEARCH_PATHS = (
					"$(inherited)",
					"$(SYSTEM_LIBRARY_DIR)/PrivateFrameworks",
				);
			};
			name = Release;
		};
/* End XCBuildConfiguration section */

/* Begin XCConfigurationList section */
		8152DAAC25C861FA00F690AB /* Build configuration list for PBXProject "Scrolln" */ = {
			isa = XCConfigurationList;
			buildConfigurations = (
				8152DADB25C861FB00F690AB /* Debug */,
				8152DADC25C861FB00F690AB /* Release */,
			);
			defaultConfigurationIsVisible = 0;
			defaultConfigurationName = Release;
		};
		8152DADD25C861FB00F690AB /* Build configuration list for PBXNativeTarget "Scrolln" */ = {
			isa = XCConfigurationList;
			buildConfigurations = (
				8152DADE25C861FB00F690AB /* Debug */,
				8152DADF25C861FB00F690AB /* Release */,
			);
			defaultConfigurationIsVisible = 0;
			defaultConfigurationName = Release;
		};
/* End XCConfigurationList section */
	};
	rootObject = 8152DAA925C861FA00F690AB /* Project object */;
}
